
Microsoft Visual Studio Solution File, Format Version 12.00
# Visual Studio Version 16
VisualStudioVersion = 16.0.30523.141
MinimumVisualStudioVersion = 10.0.40219.1
Project("{FAE04EC0-301F-11D3-BF4B-00C04F79EFBC}") = "BookStore-API", "BookStore-API\BookStore-API.csproj", "{FC117C86-D699-41B2-8E51-FEC05740AA4D}"
EndProject
Global
	GlobalSection(SolutionConfigurationPlatforms) = preSolution
		Debug|Any CPU = Debug|Any CPU
		Release|Any CPU = Release|Any CPU
	EndGlobalSection
	GlobalSection(ProjectConfigurationPlatforms) = postSolution
		{FC117C86-D699-41B2-8E51-FEC05740AA4D}.Debug|Any CPU.ActiveCfg = Debug|Any CPU
		{FC117C86-D699-41B2-8E51-FEC05740AA4D}.Debug|Any CPU.Build.0 = Debug|Any CPU
		{FC117C86-D699-41B2-8E51-FEC05740AA4D}.Release|Any CPU.ActiveCfg = Release|Any CPU
		{FC117C86-D699-41B2-8E51-FEC05740AA4D}.Release|Any CPU.Build.0 = Release|Any CPU
	EndGlobalSection
	GlobalSection(SolutionProperties) = preSolution
		HideSolutionNode = FALSE
	EndGlobalSection
	GlobalSection(ExtensibilityGlobals) = postSolution
		SolutionGuid = {4F7758F7-0EE5-4E54-ABEC-B40C64A2EB1F}
	EndGlobalSection
EndGlobal
